// !$*UTF8*$!
{
	archiveVersion = 1;
	classes = {
	};
	objectVersion = 56;
	objects = {

/* Begin PBXBuildFile section */
		0ED1499B89A668D09869EAED /* Pods_MusicApp.framework in Frameworks */ = {isa = PBXBuildFile; fileRef = 527E82A930EC5D29A2CA66BB /* Pods_MusicApp.framework */; };
		C40264D82BE306E8001914ED /* AppDelegate.swift in Sources */ = {isa = PBXBuildFile; fileRef = C40264D72BE306E8001914ED /* AppDelegate.swift */; };
		C40264DA2BE306E8001914ED /* SceneDelegate.swift in Sources */ = {isa = PBXBuildFile; fileRef = C40264D92BE306E8001914ED /* SceneDelegate.swift */; };
		C40264E12BE306E9001914ED /* Assets.xcassets in Resources */ = {isa = PBXBuildFile; fileRef = C40264E02BE306E9001914ED /* Assets.xcassets */; };
		C40264E42BE306E9001914ED /* Base in Resources */ = {isa = PBXBuildFile; fileRef = C40264E32BE306E9001914ED /* Base */; };
		C4054A9B2C1AEB0E008D355F /* TitleHeaderCollectionReusableView.swift in Sources */ = {isa = PBXBuildFile; fileRef = C4054A9A2C1AEB0E008D355F /* TitleHeaderCollectionReusableView.swift */; };
		C4054A9D2C1B1255008D355F /* AlbumTrackForCollectionViewCell.swift in Sources */ = {isa = PBXBuildFile; fileRef = C4054A9C2C1B1255008D355F /* AlbumTrackForCollectionViewCell.swift */; };
		C4054A9F2C1B17BD008D355F /* AlbumDetailViewModel.swift in Sources */ = {isa = PBXBuildFile; fileRef = C4054A9E2C1B17BD008D355F /* AlbumDetailViewModel.swift */; };
		C40AC0AE2C35F67900BBC6E2 /* LibraryAlbumModel.swift in Sources */ = {isa = PBXBuildFile; fileRef = C40AC0AD2C35F67900BBC6E2 /* LibraryAlbumModel.swift */; };
		C40C44612BF0F7E900CB6526 /* NewReleasesModel.swift in Sources */ = {isa = PBXBuildFile; fileRef = C40C44602BF0F7E900CB6526 /* NewReleasesModel.swift */; };
		C40C44632BF110B400CB6526 /* ApiImageModel.swift in Sources */ = {isa = PBXBuildFile; fileRef = C40C44622BF110B400CB6526 /* ApiImageModel.swift */; };
		C4160B162BF8FF2200EB9B88 /* RecommendationsModel.swift in Sources */ = {isa = PBXBuildFile; fileRef = C4160B152BF8FF2200EB9B88 /* RecommendationsModel.swift */; };
		C428094E2BFA0A48002077BD /* TrackModel.swift in Sources */ = {isa = PBXBuildFile; fileRef = C428094D2BFA0A48002077BD /* TrackModel.swift */; };
		C42809502BFA0E32002077BD /* PlayListModels.swift in Sources */ = {isa = PBXBuildFile; fileRef = C428094F2BFA0E32002077BD /* PlayListModels.swift */; };
		C430859D2C26A4A2002D4081 /* ActionLabelView.swift in Sources */ = {isa = PBXBuildFile; fileRef = C430859C2C26A4A2002D4081 /* ActionLabelView.swift */; };
		C435E6452C22F68F0048B29C /* PlaybackPresenter.swift in Sources */ = {isa = PBXBuildFile; fileRef = C435E6442C22F68F0048B29C /* PlaybackPresenter.swift */; };
		C435E6472C232FE50048B29C /* PlayerControlsView.swift in Sources */ = {isa = PBXBuildFile; fileRef = C435E6462C232FE50048B29C /* PlayerControlsView.swift */; };
		C43FC2022C189AED002AE190 /* PlayListDetail.swift in Sources */ = {isa = PBXBuildFile; fileRef = C43FC2012C189AED002AE190 /* PlayListDetail.swift */; };
		C44225B32C16288100BD7A8D /* FeaturedPlaylistCellViewModel.swift in Sources */ = {isa = PBXBuildFile; fileRef = C44225B22C16288100BD7A8D /* FeaturedPlaylistCellViewModel.swift */; };
		C44225B52C16353800BD7A8D /* RecommendedTrackCellViewModel.swift in Sources */ = {isa = PBXBuildFile; fileRef = C44225B42C16353800BD7A8D /* RecommendedTrackCellViewModel.swift */; };
		C4565B6B2BED79260032D66C /* SettingsModel.swift in Sources */ = {isa = PBXBuildFile; fileRef = C4565B6A2BED79260032D66C /* SettingsModel.swift */; };
		C45757FC2C1C49F000C9161D /* CategoryCollectionViewCell.swift in Sources */ = {isa = PBXBuildFile; fileRef = C45757FB2C1C49F000C9161D /* CategoryCollectionViewCell.swift */; };
		C45758012C1C4E1800C9161D /* CategoryTopModel.swift in Sources */ = {isa = PBXBuildFile; fileRef = C45758002C1C4E1800C9161D /* CategoryTopModel.swift */; };
		C45D81D72C1879B800BA60AE /* AlbumDetailViewController.swift in Sources */ = {isa = PBXBuildFile; fileRef = C45D81D62C1879B800BA60AE /* AlbumDetailViewController.swift */; };
		C4621E212BE30A2A009F621C /* AuthDirector.swift in Sources */ = {isa = PBXBuildFile; fileRef = C4621E202BE30A2A009F621C /* AuthDirector.swift */; };
		C4621E232BE30A35009F621C /* CallerApi.swift in Sources */ = {isa = PBXBuildFile; fileRef = C4621E222BE30A35009F621C /* CallerApi.swift */; };
		C4621E252BE30A44009F621C /* HapticsDirector.swift in Sources */ = {isa = PBXBuildFile; fileRef = C4621E242BE30A44009F621C /* HapticsDirector.swift */; };
		C4621E292BE30A7F009F621C /* AuthenticationViewController.swift in Sources */ = {isa = PBXBuildFile; fileRef = C4621E282BE30A7F009F621C /* AuthenticationViewController.swift */; };
		C4621E2B2BE30A8F009F621C /* WelcomeViewController.swift in Sources */ = {isa = PBXBuildFile; fileRef = C4621E2A2BE30A8F009F621C /* WelcomeViewController.swift */; };
		C4621E2D2BE30A9B009F621C /* SettingsViewController.swift in Sources */ = {isa = PBXBuildFile; fileRef = C4621E2C2BE30A9B009F621C /* SettingsViewController.swift */; };
		C4621E2F2BE30AAD009F621C /* ProfileViewController.swift in Sources */ = {isa = PBXBuildFile; fileRef = C4621E2E2BE30AAD009F621C /* ProfileViewController.swift */; };
		C4621E312BE30AC0009F621C /* PlayerViewController.swift in Sources */ = {isa = PBXBuildFile; fileRef = C4621E302BE30AC0009F621C /* PlayerViewController.swift */; };
		C4621E352BE30AE9009F621C /* SearchResultsViewController.swift in Sources */ = {isa = PBXBuildFile; fileRef = C4621E342BE30AE9009F621C /* SearchResultsViewController.swift */; };
		C4621E372BE30B1E009F621C /* TabBarViewController.swift in Sources */ = {isa = PBXBuildFile; fileRef = C4621E362BE30B1E009F621C /* TabBarViewController.swift */; };
		C4621E392BE30B30009F621C /* MainViewController.swift in Sources */ = {isa = PBXBuildFile; fileRef = C4621E382BE30B30009F621C /* MainViewController.swift */; };
		C4621E3B2BE30B40009F621C /* SearchViewController.swift in Sources */ = {isa = PBXBuildFile; fileRef = C4621E3A2BE30B40009F621C /* SearchViewController.swift */; };
		C4621E3D2BE30B50009F621C /* LibraryViewController.swift in Sources */ = {isa = PBXBuildFile; fileRef = C4621E3C2BE30B50009F621C /* LibraryViewController.swift */; };
		C4621E432BE30BB8009F621C /* ArtistModel.swift in Sources */ = {isa = PBXBuildFile; fileRef = C4621E422BE30BB8009F621C /* ArtistModel.swift */; };
		C4621E452BE30BC5009F621C /* UserProfileModel.swift in Sources */ = {isa = PBXBuildFile; fileRef = C4621E442BE30BC5009F621C /* UserProfileModel.swift */; };
		C4621E482BE30F1D009F621C /* Extension.swift in Sources */ = {isa = PBXBuildFile; fileRef = C4621E472BE30F1D009F621C /* Extension.swift */; };
		C46FCE662BF298290088CB27 /* AllFeaturedPlayLists.swift in Sources */ = {isa = PBXBuildFile; fileRef = C46FCE652BF298290088CB27 /* AllFeaturedPlayLists.swift */; };
		C46FCE682BF2A1550088CB27 /* OwnerModel.swift in Sources */ = {isa = PBXBuildFile; fileRef = C46FCE672BF2A1550088CB27 /* OwnerModel.swift */; };
		C47835282C1E26A30023BC99 /* CategoryForPlayListController.swift in Sources */ = {isa = PBXBuildFile; fileRef = C47835272C1E26A30023BC99 /* CategoryForPlayListController.swift */; };
		C47B54F82BF3F68A0048ADD6 /* RecommendationsGenresModel.swift in Sources */ = {isa = PBXBuildFile; fileRef = C47B54F72BF3F68A0048ADD6 /* RecommendationsGenresModel.swift */; };
		C4A249802C147CD700B6017B /* NewReleasesCollectionViewCell.swift in Sources */ = {isa = PBXBuildFile; fileRef = C4A2497F2C147CD700B6017B /* NewReleasesCollectionViewCell.swift */; };
		C4A249822C147D3500B6017B /* FeaturedCollectionViewCell.swift in Sources */ = {isa = PBXBuildFile; fileRef = C4A249812C147D3500B6017B /* FeaturedCollectionViewCell.swift */; };
		C4A249842C147D4700B6017B /* RecommendationsCollectionViewCell.swift in Sources */ = {isa = PBXBuildFile; fileRef = C4A249832C147D4700B6017B /* RecommendationsCollectionViewCell.swift */; };
		C4A249862C149F8300B6017B /* NewReleasesCellViewModel.swift in Sources */ = {isa = PBXBuildFile; fileRef = C4A249852C149F8300B6017B /* NewReleasesCellViewModel.swift */; };
		C4A328B12BE65313002173AB /* AuthResponseModel.swift in Sources */ = {isa = PBXBuildFile; fileRef = C4A328B02BE65313002173AB /* AuthResponseModel.swift */; };
		C4A69C0D2C176D2D00FBDEF1 /* AlbumDetailModel.swift in Sources */ = {isa = PBXBuildFile; fileRef = C4A69C0C2C176D2D00FBDEF1 /* AlbumDetailModel.swift */; };
		C4A82CAD2C263DA200F0FCB8 /* LibraryPlaylistModel.swift in Sources */ = {isa = PBXBuildFile; fileRef = C4A82CAC2C263DA200F0FCB8 /* LibraryPlaylistModel.swift */; };
		C4AADD312C18805800E41167 /* PlayListDetailViewController.swift in Sources */ = {isa = PBXBuildFile; fileRef = C4AADD302C18805800E41167 /* PlayListDetailViewController.swift */; };
		C4C4F6772C2022AD00D27508 /* SearchResultModel.swift in Sources */ = {isa = PBXBuildFile; fileRef = C4C4F6762C2022AD00D27508 /* SearchResultModel.swift */; };
		C4C962252C1971560070C4C2 /* PlayListHeaderCollectionReusableView.swift in Sources */ = {isa = PBXBuildFile; fileRef = C4C962242C1971560070C4C2 /* PlayListHeaderCollectionReusableView.swift */; };
		C4C962272C19B4B40070C4C2 /* PlayListDetailHeaderForViewModel.swift in Sources */ = {isa = PBXBuildFile; fileRef = C4C962262C19B4B40070C4C2 /* PlayListDetailHeaderForViewModel.swift */; };
		C4D2E8F22C2417C300C8A907 /* PlayerControlsViewModel.swift in Sources */ = {isa = PBXBuildFile; fileRef = C4D2E8F12C2417C300C8A907 /* PlayerControlsViewModel.swift */; };
		C4D5CBA72C25ACE600037894 /* LibraryPlayListViewController.swift in Sources */ = {isa = PBXBuildFile; fileRef = C4D5CBA62C25ACE600037894 /* LibraryPlayListViewController.swift */; };
		C4D5CBA92C25AD7600037894 /* LibraryAlbumsViewController.swift in Sources */ = {isa = PBXBuildFile; fileRef = C4D5CBA82C25AD7600037894 /* LibraryAlbumsViewController.swift */; };
		C4D5CBAB2C25C7FF00037894 /* LibraryToogleView.swift in Sources */ = {isa = PBXBuildFile; fileRef = C4D5CBAA2C25C7FF00037894 /* LibraryToogleView.swift */; };
		C4E89B9E2C21C4D300B05B8B /* DefaultTableViewCell.swift in Sources */ = {isa = PBXBuildFile; fileRef = C4E89B9D2C21C4D300B05B8B /* DefaultTableViewCell.swift */; };
		C4E89BA02C21D34100B05B8B /* DefaultTableViewModel.swift in Sources */ = {isa = PBXBuildFile; fileRef = C4E89B9F2C21D34100B05B8B /* DefaultTableViewModel.swift */; };
		C4E89BA22C222E4200B05B8B /* SubTitleTableViewCell.swift in Sources */ = {isa = PBXBuildFile; fileRef = C4E89BA12C222E4200B05B8B /* SubTitleTableViewCell.swift */; };
		C4E89BA52C22314100B05B8B /* SubTitleTableViewModel.swift in Sources */ = {isa = PBXBuildFile; fileRef = C4E89BA42C22314100B05B8B /* SubTitleTableViewModel.swift */; };
		C4F435332C1C6DCF00178695 /* CategoryModel.swift in Sources */ = {isa = PBXBuildFile; fileRef = C4F435322C1C6DCF00178695 /* CategoryModel.swift */; };
		C4F435352C1CE14C00178695 /* CategoryViewModel.swift in Sources */ = {isa = PBXBuildFile; fileRef = C4F435342C1CE14C00178695 /* CategoryViewModel.swift */; };
		C4F550562C1F3EC00027B11C /* SearchResponseModel.swift in Sources */ = {isa = PBXBuildFile; fileRef = C4F550552C1F3EC00027B11C /* SearchResponseModel.swift */; };
/* End PBXBuildFile section */

/* Begin PBXFileReference section */
		2CA2B0EF1972A9029875009C /* Pods-MusicApp.debug.xcconfig */ = {isa = PBXFileReference; includeInIndex = 1; lastKnownFileType = text.xcconfig; name = "Pods-MusicApp.debug.xcconfig"; path = "Target Support Files/Pods-MusicApp/Pods-MusicApp.debug.xcconfig"; sourceTree = "<group>"; };
		527E82A930EC5D29A2CA66BB /* Pods_MusicApp.framework */ = {isa = PBXFileReference; explicitFileType = wrapper.framework; includeInIndex = 0; path = Pods_MusicApp.framework; sourceTree = BUILT_PRODUCTS_DIR; };
		6B6E275CAC6416FAF61EE5DB /* Pods-MusicApp.release.xcconfig */ = {isa = PBXFileReference; includeInIndex = 1; lastKnownFileType = text.xcconfig; name = "Pods-MusicApp.release.xcconfig"; path = "Target Support Files/Pods-MusicApp/Pods-MusicApp.release.xcconfig"; sourceTree = "<group>"; };
		C40264D42BE306E8001914ED /* MusicApp.app */ = {isa = PBXFileReference; explicitFileType = wrapper.application; includeInIndex = 0; path = MusicApp.app; sourceTree = BUILT_PRODUCTS_DIR; };
		C40264D72BE306E8001914ED /* AppDelegate.swift */ = {isa = PBXFileReference; lastKnownFileType = sourcecode.swift; path = AppDelegate.swift; sourceTree = "<group>"; };
		C40264D92BE306E8001914ED /* SceneDelegate.swift */ = {isa = PBXFileReference; lastKnownFileType = sourcecode.swift; path = SceneDelegate.swift; sourceTree = "<group>"; };
		C40264E02BE306E9001914ED /* Assets.xcassets */ = {isa = PBXFileReference; lastKnownFileType = folder.assetcatalog; path = Assets.xcassets; sourceTree = "<group>"; };
		C40264E32BE306E9001914ED /* Base */ = {isa = PBXFileReference; lastKnownFileType = file.storyboard; name = Base; path = Base.lproj/LaunchScreen.storyboard; sourceTree = "<group>"; };
		C40264E52BE306E9001914ED /* Info.plist */ = {isa = PBXFileReference; lastKnownFileType = text.plist.xml; path = Info.plist; sourceTree = "<group>"; };
		C4054A9A2C1AEB0E008D355F /* TitleHeaderCollectionReusableView.swift */ = {isa = PBXFileReference; lastKnownFileType = sourcecode.swift; path = TitleHeaderCollectionReusableView.swift; sourceTree = "<group>"; };
		C4054A9C2C1B1255008D355F /* AlbumTrackForCollectionViewCell.swift */ = {isa = PBXFileReference; lastKnownFileType = sourcecode.swift; path = AlbumTrackForCollectionViewCell.swift; sourceTree = "<group>"; };
		C4054A9E2C1B17BD008D355F /* AlbumDetailViewModel.swift */ = {isa = PBXFileReference; lastKnownFileType = sourcecode.swift; path = AlbumDetailViewModel.swift; sourceTree = "<group>"; };
		C40AC0AD2C35F67900BBC6E2 /* LibraryAlbumModel.swift */ = {isa = PBXFileReference; lastKnownFileType = sourcecode.swift; path = LibraryAlbumModel.swift; sourceTree = "<group>"; };
		C40C44602BF0F7E900CB6526 /* NewReleasesModel.swift */ = {isa = PBXFileReference; lastKnownFileType = sourcecode.swift; path = NewReleasesModel.swift; sourceTree = "<group>"; };
		C40C44622BF110B400CB6526 /* ApiImageModel.swift */ = {isa = PBXFileReference; lastKnownFileType = sourcecode.swift; path = ApiImageModel.swift; sourceTree = "<group>"; };
		C4160B152BF8FF2200EB9B88 /* RecommendationsModel.swift */ = {isa = PBXFileReference; lastKnownFileType = sourcecode.swift; path = RecommendationsModel.swift; sourceTree = "<group>"; };
		C428094D2BFA0A48002077BD /* TrackModel.swift */ = {isa = PBXFileReference; lastKnownFileType = sourcecode.swift; path = TrackModel.swift; sourceTree = "<group>"; };
		C428094F2BFA0E32002077BD /* PlayListModels.swift */ = {isa = PBXFileReference; lastKnownFileType = sourcecode.swift; path = PlayListModels.swift; sourceTree = "<group>"; };
		C430859C2C26A4A2002D4081 /* ActionLabelView.swift */ = {isa = PBXFileReference; lastKnownFileType = sourcecode.swift; path = ActionLabelView.swift; sourceTree = "<group>"; };
		C435E6442C22F68F0048B29C /* PlaybackPresenter.swift */ = {isa = PBXFileReference; lastKnownFileType = sourcecode.swift; path = PlaybackPresenter.swift; sourceTree = "<group>"; };
		C435E6462C232FE50048B29C /* PlayerControlsView.swift */ = {isa = PBXFileReference; lastKnownFileType = sourcecode.swift; path = PlayerControlsView.swift; sourceTree = "<group>"; };
		C43FC2012C189AED002AE190 /* PlayListDetail.swift */ = {isa = PBXFileReference; lastKnownFileType = sourcecode.swift; path = PlayListDetail.swift; sourceTree = "<group>"; };
		C44225B22C16288100BD7A8D /* FeaturedPlaylistCellViewModel.swift */ = {isa = PBXFileReference; lastKnownFileType = sourcecode.swift; path = FeaturedPlaylistCellViewModel.swift; sourceTree = "<group>"; };
		C44225B42C16353800BD7A8D /* RecommendedTrackCellViewModel.swift */ = {isa = PBXFileReference; lastKnownFileType = sourcecode.swift; path = RecommendedTrackCellViewModel.swift; sourceTree = "<group>"; };
		C4565B6A2BED79260032D66C /* SettingsModel.swift */ = {isa = PBXFileReference; lastKnownFileType = sourcecode.swift; path = SettingsModel.swift; sourceTree = "<group>"; };
		C45757FB2C1C49F000C9161D /* CategoryCollectionViewCell.swift */ = {isa = PBXFileReference; lastKnownFileType = sourcecode.swift; path = CategoryCollectionViewCell.swift; sourceTree = "<group>"; };
		C45758002C1C4E1800C9161D /* CategoryTopModel.swift */ = {isa = PBXFileReference; lastKnownFileType = sourcecode.swift; path = CategoryTopModel.swift; sourceTree = "<group>"; };
		C45D81D62C1879B800BA60AE /* AlbumDetailViewController.swift */ = {isa = PBXFileReference; lastKnownFileType = sourcecode.swift; path = AlbumDetailViewController.swift; sourceTree = "<group>"; };
		C4621E202BE30A2A009F621C /* AuthDirector.swift */ = {isa = PBXFileReference; lastKnownFileType = sourcecode.swift; path = AuthDirector.swift; sourceTree = "<group>"; };
		C4621E222BE30A35009F621C /* CallerApi.swift */ = {isa = PBXFileReference; lastKnownFileType = sourcecode.swift; path = CallerApi.swift; sourceTree = "<group>"; };
		C4621E242BE30A44009F621C /* HapticsDirector.swift */ = {isa = PBXFileReference; lastKnownFileType = sourcecode.swift; path = HapticsDirector.swift; sourceTree = "<group>"; };
		C4621E282BE30A7F009F621C /* AuthenticationViewController.swift */ = {isa = PBXFileReference; lastKnownFileType = sourcecode.swift; path = AuthenticationViewController.swift; sourceTree = "<group>"; };
		C4621E2A2BE30A8F009F621C /* WelcomeViewController.swift */ = {isa = PBXFileReference; lastKnownFileType = sourcecode.swift; path = WelcomeViewController.swift; sourceTree = "<group>"; };
		C4621E2C2BE30A9B009F621C /* SettingsViewController.swift */ = {isa = PBXFileReference; lastKnownFileType = sourcecode.swift; path = SettingsViewController.swift; sourceTree = "<group>"; };
		C4621E2E2BE30AAD009F621C /* ProfileViewController.swift */ = {isa = PBXFileReference; lastKnownFileType = sourcecode.swift; path = ProfileViewController.swift; sourceTree = "<group>"; };
		C4621E302BE30AC0009F621C /* PlayerViewController.swift */ = {isa = PBXFileReference; lastKnownFileType = sourcecode.swift; path = PlayerViewController.swift; sourceTree = "<group>"; };
		C4621E342BE30AE9009F621C /* SearchResultsViewController.swift */ = {isa = PBXFileReference; lastKnownFileType = sourcecode.swift; path = SearchResultsViewController.swift; sourceTree = "<group>"; };
		C4621E362BE30B1E009F621C /* TabBarViewController.swift */ = {isa = PBXFileReference; lastKnownFileType = sourcecode.swift; path = TabBarViewController.swift; sourceTree = "<group>"; };
		C4621E382BE30B30009F621C /* MainViewController.swift */ = {isa = PBXFileReference; lastKnownFileType = sourcecode.swift; path = MainViewController.swift; sourceTree = "<group>"; };
		C4621E3A2BE30B40009F621C /* SearchViewController.swift */ = {isa = PBXFileReference; lastKnownFileType = sourcecode.swift; path = SearchViewController.swift; sourceTree = "<group>"; };
		C4621E3C2BE30B50009F621C /* LibraryViewController.swift */ = {isa = PBXFileReference; lastKnownFileType = sourcecode.swift; path = LibraryViewController.swift; sourceTree = "<group>"; };
		C4621E422BE30BB8009F621C /* ArtistModel.swift */ = {isa = PBXFileReference; lastKnownFileType = sourcecode.swift; path = ArtistModel.swift; sourceTree = "<group>"; };
		C4621E442BE30BC5009F621C /* UserProfileModel.swift */ = {isa = PBXFileReference; lastKnownFileType = sourcecode.swift; path = UserProfileModel.swift; sourceTree = "<group>"; };
		C4621E472BE30F1D009F621C /* Extension.swift */ = {isa = PBXFileReference; lastKnownFileType = sourcecode.swift; path = Extension.swift; sourceTree = "<group>"; };
		C46FCE652BF298290088CB27 /* AllFeaturedPlayLists.swift */ = {isa = PBXFileReference; lastKnownFileType = sourcecode.swift; path = AllFeaturedPlayLists.swift; sourceTree = "<group>"; };
		C46FCE672BF2A1550088CB27 /* OwnerModel.swift */ = {isa = PBXFileReference; lastKnownFileType = sourcecode.swift; path = OwnerModel.swift; sourceTree = "<group>"; };
		C47835272C1E26A30023BC99 /* CategoryForPlayListController.swift */ = {isa = PBXFileReference; lastKnownFileType = sourcecode.swift; path = CategoryForPlayListController.swift; sourceTree = "<group>"; };
		C47B54F72BF3F68A0048ADD6 /* RecommendationsGenresModel.swift */ = {isa = PBXFileReference; lastKnownFileType = sourcecode.swift; path = RecommendationsGenresModel.swift; sourceTree = "<group>"; };
		C4A2497F2C147CD700B6017B /* NewReleasesCollectionViewCell.swift */ = {isa = PBXFileReference; lastKnownFileType = sourcecode.swift; path = NewReleasesCollectionViewCell.swift; sourceTree = "<group>"; };
		C4A249812C147D3500B6017B /* FeaturedCollectionViewCell.swift */ = {isa = PBXFileReference; lastKnownFileType = sourcecode.swift; path = FeaturedCollectionViewCell.swift; sourceTree = "<group>"; };
		C4A249832C147D4700B6017B /* RecommendationsCollectionViewCell.swift */ = {isa = PBXFileReference; lastKnownFileType = sourcecode.swift; path = RecommendationsCollectionViewCell.swift; sourceTree = "<group>"; };
		C4A249852C149F8300B6017B /* NewReleasesCellViewModel.swift */ = {isa = PBXFileReference; lastKnownFileType = sourcecode.swift; path = NewReleasesCellViewModel.swift; sourceTree = "<group>"; };
		C4A328B02BE65313002173AB /* AuthResponseModel.swift */ = {isa = PBXFileReference; lastKnownFileType = sourcecode.swift; path = AuthResponseModel.swift; sourceTree = "<group>"; };
		C4A69C0C2C176D2D00FBDEF1 /* AlbumDetailModel.swift */ = {isa = PBXFileReference; lastKnownFileType = sourcecode.swift; path = AlbumDetailModel.swift; sourceTree = "<group>"; };
		C4A82CAC2C263DA200F0FCB8 /* LibraryPlaylistModel.swift */ = {isa = PBXFileReference; lastKnownFileType = sourcecode.swift; path = LibraryPlaylistModel.swift; sourceTree = "<group>"; };
		C4AADD302C18805800E41167 /* PlayListDetailViewController.swift */ = {isa = PBXFileReference; lastKnownFileType = sourcecode.swift; path = PlayListDetailViewController.swift; sourceTree = "<group>"; };
		C4C4F6762C2022AD00D27508 /* SearchResultModel.swift */ = {isa = PBXFileReference; lastKnownFileType = sourcecode.swift; path = SearchResultModel.swift; sourceTree = "<group>"; };
		C4C962242C1971560070C4C2 /* PlayListHeaderCollectionReusableView.swift */ = {isa = PBXFileReference; lastKnownFileType = sourcecode.swift; path = PlayListHeaderCollectionReusableView.swift; sourceTree = "<group>"; };
		C4C962262C19B4B40070C4C2 /* PlayListDetailHeaderForViewModel.swift */ = {isa = PBXFileReference; lastKnownFileType = sourcecode.swift; path = PlayListDetailHeaderForViewModel.swift; sourceTree = "<group>"; };
		C4D2E8F12C2417C300C8A907 /* PlayerControlsViewModel.swift */ = {isa = PBXFileReference; lastKnownFileType = sourcecode.swift; path = PlayerControlsViewModel.swift; sourceTree = "<group>"; };
		C4D5CBA62C25ACE600037894 /* LibraryPlayListViewController.swift */ = {isa = PBXFileReference; lastKnownFileType = sourcecode.swift; path = LibraryPlayListViewController.swift; sourceTree = "<group>"; };
		C4D5CBA82C25AD7600037894 /* LibraryAlbumsViewController.swift */ = {isa = PBXFileReference; lastKnownFileType = sourcecode.swift; path = LibraryAlbumsViewController.swift; sourceTree = "<group>"; };
		C4D5CBAA2C25C7FF00037894 /* LibraryToogleView.swift */ = {isa = PBXFileReference; lastKnownFileType = sourcecode.swift; path = LibraryToogleView.swift; sourceTree = "<group>"; };
		C4E89B9D2C21C4D300B05B8B /* DefaultTableViewCell.swift */ = {isa = PBXFileReference; lastKnownFileType = sourcecode.swift; path = DefaultTableViewCell.swift; sourceTree = "<group>"; };
		C4E89B9F2C21D34100B05B8B /* DefaultTableViewModel.swift */ = {isa = PBXFileReference; lastKnownFileType = sourcecode.swift; path = DefaultTableViewModel.swift; sourceTree = "<group>"; };
		C4E89BA12C222E4200B05B8B /* SubTitleTableViewCell.swift */ = {isa = PBXFileReference; lastKnownFileType = sourcecode.swift; path = SubTitleTableViewCell.swift; sourceTree = "<group>"; };
		C4E89BA42C22314100B05B8B /* SubTitleTableViewModel.swift */ = {isa = PBXFileReference; lastKnownFileType = sourcecode.swift; path = SubTitleTableViewModel.swift; sourceTree = "<group>"; };
		C4F435322C1C6DCF00178695 /* CategoryModel.swift */ = {isa = PBXFileReference; lastKnownFileType = sourcecode.swift; path = CategoryModel.swift; sourceTree = "<group>"; };
		C4F435342C1CE14C00178695 /* CategoryViewModel.swift */ = {isa = PBXFileReference; lastKnownFileType = sourcecode.swift; path = CategoryViewModel.swift; sourceTree = "<group>"; };
		C4F550552C1F3EC00027B11C /* SearchResponseModel.swift */ = {isa = PBXFileReference; lastKnownFileType = sourcecode.swift; path = SearchResponseModel.swift; sourceTree = "<group>"; };
/* End PBXFileReference section */

/* Begin PBXFrameworksBuildPhase section */
		C40264D12BE306E8001914ED /* Frameworks */ = {
			isa = PBXFrameworksBuildPhase;
			buildActionMask = 2147483647;
			files = (
				0ED1499B89A668D09869EAED /* Pods_MusicApp.framework in Frameworks */,
			);
			runOnlyForDeploymentPostprocessing = 0;
		};
/* End PBXFrameworksBuildPhase section */

/* Begin PBXGroup section */
		4D76D4AD571B56C9201C67E5 /* Frameworks */ = {
			isa = PBXGroup;
			children = (
				527E82A930EC5D29A2CA66BB /* Pods_MusicApp.framework */,
			);
			name = Frameworks;
			sourceTree = "<group>";
		};
		C40264CB2BE306E8001914ED = {
			isa = PBXGroup;
			children = (
				C40264D62BE306E8001914ED /* MusicApp */,
				C40264D52BE306E8001914ED /* Products */,
				CB2C9BB2B73F766F825B98F8 /* Pods */,
				4D76D4AD571B56C9201C67E5 /* Frameworks */,
			);
			sourceTree = "<group>";
		};
		C40264D52BE306E8001914ED /* Products */ = {
			isa = PBXGroup;
			children = (
				C40264D42BE306E8001914ED /* MusicApp.app */,
			);
			name = Products;
			sourceTree = "<group>";
		};
		C40264D62BE306E8001914ED /* MusicApp */ = {
			isa = PBXGroup;
			children = (
				C4621E462BE30F0A009F621C /* Sources */,
				C4621E192BE30955009F621C /* ExistingTools */,
				C4621E1A2BE30966009F621C /* OtherScripts */,
				C4621E1B2BE30973009F621C /* Directors */,
				C435E6412C22F6050048B29C /* Presenter */,
				C4621E1C2BE30982009F621C /* Controllers */,
				C4621E1E2BE309A0009F621C /* Views */,
				C4621E1D2BE30998009F621C /* ViewModels */,
				C4621E1F2BE309AA009F621C /* Models */,
				C40264E52BE306E9001914ED /* Info.plist */,
			);
			path = MusicApp;
			sourceTree = "<group>";
		};
		C435E6412C22F6050048B29C /* Presenter */ = {
			isa = PBXGroup;
			children = (
				C435E6442C22F68F0048B29C /* PlaybackPresenter.swift */,
			);
			path = Presenter;
			sourceTree = "<group>";
		};
		C45757FD2C1C4BF900C9161D /* AllCategoryModel */ = {
			isa = PBXGroup;
			children = (
				C45758002C1C4E1800C9161D /* CategoryTopModel.swift */,
				C4F435322C1C6DCF00178695 /* CategoryModel.swift */,
			);
			path = AllCategoryModel;
			sourceTree = "<group>";
		};
		C4621E192BE30955009F621C /* ExistingTools */ = {
			isa = PBXGroup;
			children = (
				C40264E02BE306E9001914ED /* Assets.xcassets */,
				C40264E22BE306E9001914ED /* LaunchScreen.storyboard */,
			);
			path = ExistingTools;
			sourceTree = "<group>";
		};
		C4621E1A2BE30966009F621C /* OtherScripts */ = {
			isa = PBXGroup;
			children = (
				C40264D72BE306E8001914ED /* AppDelegate.swift */,
				C40264D92BE306E8001914ED /* SceneDelegate.swift */,
			);
			path = OtherScripts;
			sourceTree = "<group>";
		};
		C4621E1B2BE30973009F621C /* Directors */ = {
			isa = PBXGroup;
			children = (
				C4621E202BE30A2A009F621C /* AuthDirector.swift */,
				C4621E222BE30A35009F621C /* CallerApi.swift */,
				C4621E242BE30A44009F621C /* HapticsDirector.swift */,
			);
			path = Directors;
			sourceTree = "<group>";
		};
		C4621E1C2BE30982009F621C /* Controllers */ = {
			isa = PBXGroup;
			children = (
				C4621E262BE30A54009F621C /* Other */,
				C4621E272BE30A5C009F621C /* Basic */,
			);
			path = Controllers;
			sourceTree = "<group>";
		};
		C4621E1D2BE30998009F621C /* ViewModels */ = {
			isa = PBXGroup;
			children = (
				C4E89BA32C2230FB00B05B8B /* AllSearchResultCellViewModels */,
				C4A249852C149F8300B6017B /* NewReleasesCellViewModel.swift */,
				C44225B22C16288100BD7A8D /* FeaturedPlaylistCellViewModel.swift */,
				C44225B42C16353800BD7A8D /* RecommendedTrackCellViewModel.swift */,
				C4C962262C19B4B40070C4C2 /* PlayListDetailHeaderForViewModel.swift */,
				C4054A9E2C1B17BD008D355F /* AlbumDetailViewModel.swift */,
				C4F435342C1CE14C00178695 /* CategoryViewModel.swift */,
			);
			path = ViewModels;
			sourceTree = "<group>";
		};
		C4621E1E2BE309A0009F621C /* Views */ = {
			isa = PBXGroup;
			children = (
				C4E89B9A2C21C44E00B05B8B /* AllSearchResultCellViews */,
				C4A2497E2C147B8900B6017B /* MainScreenCellViews */,
				C4C962242C1971560070C4C2 /* PlayListHeaderCollectionReusableView.swift */,
				C4054A9A2C1AEB0E008D355F /* TitleHeaderCollectionReusableView.swift */,
				C4054A9C2C1B1255008D355F /* AlbumTrackForCollectionViewCell.swift */,
				C45757FB2C1C49F000C9161D /* CategoryCollectionViewCell.swift */,
				C435E6462C232FE50048B29C /* PlayerControlsView.swift */,
				C4D5CBAA2C25C7FF00037894 /* LibraryToogleView.swift */,
				C430859C2C26A4A2002D4081 /* ActionLabelView.swift */,
			);
			path = Views;
			sourceTree = "<group>";
		};
		C4621E1F2BE309AA009F621C /* Models */ = {
			isa = PBXGroup;
			children = (
				C45757FD2C1C4BF900C9161D /* AllCategoryModel */,
				C4A69C0B2C176D0200FBDEF1 /* AllNewReleasesModels */,
				C47B54F62BF3F6690048ADD6 /* AllRecommendationsModels */,
				C46FCE6B2BF2A6A20088CB27 /* AllFeaturedPlayListModels */,
				C4621E422BE30BB8009F621C /* ArtistModel.swift */,
				C4621E442BE30BC5009F621C /* UserProfileModel.swift */,
				C4A328B02BE65313002173AB /* AuthResponseModel.swift */,
				C4565B6A2BED79260032D66C /* SettingsModel.swift */,
				C40C44622BF110B400CB6526 /* ApiImageModel.swift */,
				C4F550552C1F3EC00027B11C /* SearchResponseModel.swift */,
				C4C4F6762C2022AD00D27508 /* SearchResultModel.swift */,
				C4D2E8F12C2417C300C8A907 /* PlayerControlsViewModel.swift */,
				C4A82CAC2C263DA200F0FCB8 /* LibraryPlaylistModel.swift */,
				C40AC0AD2C35F67900BBC6E2 /* LibraryAlbumModel.swift */,
			);
			path = Models;
			sourceTree = "<group>";
		};
		C4621E262BE30A54009F621C /* Other */ = {
			isa = PBXGroup;
			children = (
				C4D5CBA52C25AC8E00037894 /* LibraryChild */,
				C4621E282BE30A7F009F621C /* AuthenticationViewController.swift */,
				C4621E2A2BE30A8F009F621C /* WelcomeViewController.swift */,
				C4621E2C2BE30A9B009F621C /* SettingsViewController.swift */,
				C4621E2E2BE30AAD009F621C /* ProfileViewController.swift */,
				C4621E302BE30AC0009F621C /* PlayerViewController.swift */,
				C4621E342BE30AE9009F621C /* SearchResultsViewController.swift */,
				C45D81D62C1879B800BA60AE /* AlbumDetailViewController.swift */,
				C4AADD302C18805800E41167 /* PlayListDetailViewController.swift */,
				C47835272C1E26A30023BC99 /* CategoryForPlayListController.swift */,
			);
			path = Other;
			sourceTree = "<group>";
		};
		C4621E272BE30A5C009F621C /* Basic */ = {
			isa = PBXGroup;
			children = (
				C4621E382BE30B30009F621C /* MainViewController.swift */,
				C4621E3A2BE30B40009F621C /* SearchViewController.swift */,
				C4621E3C2BE30B50009F621C /* LibraryViewController.swift */,
				C4621E362BE30B1E009F621C /* TabBarViewController.swift */,
			);
			path = Basic;
			sourceTree = "<group>";
		};
		C4621E462BE30F0A009F621C /* Sources */ = {
			isa = PBXGroup;
			children = (
				C4621E472BE30F1D009F621C /* Extension.swift */,
			);
			path = Sources;
			sourceTree = "<group>";
		};
		C46FCE6B2BF2A6A20088CB27 /* AllFeaturedPlayListModels */ = {
			isa = PBXGroup;
			children = (
				C46FCE672BF2A1550088CB27 /* OwnerModel.swift */,
				C46FCE652BF298290088CB27 /* AllFeaturedPlayLists.swift */,
				C428094F2BFA0E32002077BD /* PlayListModels.swift */,
				C43FC2012C189AED002AE190 /* PlayListDetail.swift */,
			);
			path = AllFeaturedPlayListModels;
			sourceTree = "<group>";
		};
		C47B54F62BF3F6690048ADD6 /* AllRecommendationsModels */ = {
			isa = PBXGroup;
			children = (
				C47B54F72BF3F68A0048ADD6 /* RecommendationsGenresModel.swift */,
				C4160B152BF8FF2200EB9B88 /* RecommendationsModel.swift */,
				C428094D2BFA0A48002077BD /* TrackModel.swift */,
			);
			path = AllRecommendationsModels;
			sourceTree = "<group>";
		};
		C4A2497E2C147B8900B6017B /* MainScreenCellViews */ = {
			isa = PBXGroup;
			children = (
				C4A2497F2C147CD700B6017B /* NewReleasesCollectionViewCell.swift */,
				C4A249812C147D3500B6017B /* FeaturedCollectionViewCell.swift */,
				C4A249832C147D4700B6017B /* RecommendationsCollectionViewCell.swift */,
			);
			path = MainScreenCellViews;
			sourceTree = "<group>";
		};
		C4A69C0B2C176D0200FBDEF1 /* AllNewReleasesModels */ = {
			isa = PBXGroup;
			children = (
				C40C44602BF0F7E900CB6526 /* NewReleasesModel.swift */,
				C4A69C0C2C176D2D00FBDEF1 /* AlbumDetailModel.swift */,
			);
			path = AllNewReleasesModels;
			sourceTree = "<group>";
		};
		C4D5CBA52C25AC8E00037894 /* LibraryChild */ = {
			isa = PBXGroup;
			children = (
				C4D5CBA62C25ACE600037894 /* LibraryPlayListViewController.swift */,
				C4D5CBA82C25AD7600037894 /* LibraryAlbumsViewController.swift */,
			);
			path = LibraryChild;
			sourceTree = "<group>";
		};
		C4E89B9A2C21C44E00B05B8B /* AllSearchResultCellViews */ = {
			isa = PBXGroup;
			children = (
				C4E89B9D2C21C4D300B05B8B /* DefaultTableViewCell.swift */,
				C4E89BA12C222E4200B05B8B /* SubTitleTableViewCell.swift */,
			);
			path = AllSearchResultCellViews;
			sourceTree = "<group>";
		};
		C4E89BA32C2230FB00B05B8B /* AllSearchResultCellViewModels */ = {
			isa = PBXGroup;
			children = (
				C4E89B9F2C21D34100B05B8B /* DefaultTableViewModel.swift */,
				C4E89BA42C22314100B05B8B /* SubTitleTableViewModel.swift */,
			);
			path = AllSearchResultCellViewModels;
			sourceTree = "<group>";
		};
		CB2C9BB2B73F766F825B98F8 /* Pods */ = {
			isa = PBXGroup;
			children = (
				2CA2B0EF1972A9029875009C /* Pods-MusicApp.debug.xcconfig */,
				6B6E275CAC6416FAF61EE5DB /* Pods-MusicApp.release.xcconfig */,
			);
			path = Pods;
			sourceTree = "<group>";
		};
/* End PBXGroup section */

/* Begin PBXNativeTarget section */
		C40264D32BE306E8001914ED /* MusicApp */ = {
			isa = PBXNativeTarget;
			buildConfigurationList = C40264E82BE306E9001914ED /* Build configuration list for PBXNativeTarget "MusicApp" */;
			buildPhases = (
				DD7063FA8E626419398032B5 /* [CP] Check Pods Manifest.lock */,
				C40264D02BE306E8001914ED /* Sources */,
				C40264D12BE306E8001914ED /* Frameworks */,
				C40264D22BE306E8001914ED /* Resources */,
				E441A6CCCFAC5813CB68E1EC /* [CP] Embed Pods Frameworks */,
			);
			buildRules = (
			);
			dependencies = (
			);
			name = MusicApp;
			productName = MusicApp;
			productReference = C40264D42BE306E8001914ED /* MusicApp.app */;
			productType = "com.apple.product-type.application";
		};
/* End PBXNativeTarget section */

/* Begin PBXProject section */
		C40264CC2BE306E8001914ED /* Project object */ = {
			isa = PBXProject;
			attributes = {
				BuildIndependentTargetsInParallel = 1;
				LastSwiftUpdateCheck = 1530;
				LastUpgradeCheck = 1530;
				TargetAttributes = {
					C40264D32BE306E8001914ED = {
						CreatedOnToolsVersion = 15.3;
					};
				};
			};
			buildConfigurationList = C40264CF2BE306E8001914ED /* Build configuration list for PBXProject "MusicApp" */;
			compatibilityVersion = "Xcode 14.0";
			developmentRegion = en;
			hasScannedForEncodings = 0;
			knownRegions = (
				en,
				Base,
			);
			mainGroup = C40264CB2BE306E8001914ED;
			productRefGroup = C40264D52BE306E8001914ED /* Products */;
			projectDirPath = "";
			projectRoot = "";
			targets = (
				C40264D32BE306E8001914ED /* MusicApp */,
			);
		};
/* End PBXProject section */

/* Begin PBXResourcesBuildPhase section */
		C40264D22BE306E8001914ED /* Resources */ = {
			isa = PBXResourcesBuildPhase;
			buildActionMask = 2147483647;
			files = (
				C40264E12BE306E9001914ED /* Assets.xcassets in Resources */,
				C40264E42BE306E9001914ED /* Base in Resources */,
			);
			runOnlyForDeploymentPostprocessing = 0;
		};
/* End PBXResourcesBuildPhase section */

/* Begin PBXShellScriptBuildPhase section */
		DD7063FA8E626419398032B5 /* [CP] Check Pods Manifest.lock */ = {
			isa = PBXShellScriptBuildPhase;
			buildActionMask = 2147483647;
			files = (
			);
			inputFileListPaths = (
			);
			inputPaths = (
				"${PODS_PODFILE_DIR_PATH}/Podfile.lock",
				"${PODS_ROOT}/Manifest.lock",
			);
			name = "[CP] Check Pods Manifest.lock";
			outputFileListPaths = (
			);
			outputPaths = (
				"$(DERIVED_FILE_DIR)/Pods-MusicApp-checkManifestLockResult.txt",
			);
			runOnlyForDeploymentPostprocessing = 0;
			shellPath = /bin/sh;
			shellScript = "diff \"${PODS_PODFILE_DIR_PATH}/Podfile.lock\" \"${PODS_ROOT}/Manifest.lock\" > /dev/null\nif [ $? != 0 ] ; then\n    # print error to STDERR\n    echo \"error: The sandbox is not in sync with the Podfile.lock. Run 'pod install' or update your CocoaPods installation.\" >&2\n    exit 1\nfi\n# This output is used by Xcode 'outputs' to avoid re-running this script phase.\necho \"SUCCESS\" > \"${SCRIPT_OUTPUT_FILE_0}\"\n";
			showEnvVarsInLog = 0;
		};
		E441A6CCCFAC5813CB68E1EC /* [CP] Embed Pods Frameworks */ = {
			isa = PBXShellScriptBuildPhase;
			buildActionMask = 2147483647;
			files = (
			);
			inputFileListPaths = (
				"${PODS_ROOT}/Target Support Files/Pods-MusicApp/Pods-MusicApp-frameworks-${CONFIGURATION}-input-files.xcfilelist",
			);
			name = "[CP] Embed Pods Frameworks";
			outputFileListPaths = (
				"${PODS_ROOT}/Target Support Files/Pods-MusicApp/Pods-MusicApp-frameworks-${CONFIGURATION}-output-files.xcfilelist",
			);
			runOnlyForDeploymentPostprocessing = 0;
			shellPath = /bin/sh;
			shellScript = "\"${PODS_ROOT}/Target Support Files/Pods-MusicApp/Pods-MusicApp-frameworks.sh\"\n";
			showEnvVarsInLog = 0;
		};
/* End PBXShellScriptBuildPhase section */

/* Begin PBXSourcesBuildPhase section */
		C40264D02BE306E8001914ED /* Sources */ = {
			isa = PBXSourcesBuildPhase;
			buildActionMask = 2147483647;
			files = (
				C4A249862C149F8300B6017B /* NewReleasesCellViewModel.swift in Sources */,
				C47835282C1E26A30023BC99 /* CategoryForPlayListController.swift in Sources */,
				C4E89BA22C222E4200B05B8B /* SubTitleTableViewCell.swift in Sources */,
				C4621E252BE30A44009F621C /* HapticsDirector.swift in Sources */,
				C4621E352BE30AE9009F621C /* SearchResultsViewController.swift in Sources */,
				C4F435352C1CE14C00178695 /* CategoryViewModel.swift in Sources */,
				C4A82CAD2C263DA200F0FCB8 /* LibraryPlaylistModel.swift in Sources */,
				C4D5CBA72C25ACE600037894 /* LibraryPlayListViewController.swift in Sources */,
				C4621E2B2BE30A8F009F621C /* WelcomeViewController.swift in Sources */,
				C44225B52C16353800BD7A8D /* RecommendedTrackCellViewModel.swift in Sources */,
				C435E6452C22F68F0048B29C /* PlaybackPresenter.swift in Sources */,
				C4E89B9E2C21C4D300B05B8B /* DefaultTableViewCell.swift in Sources */,
				C44225B32C16288100BD7A8D /* FeaturedPlaylistCellViewModel.swift in Sources */,
				C4621E2F2BE30AAD009F621C /* ProfileViewController.swift in Sources */,
				C4E89BA52C22314100B05B8B /* SubTitleTableViewModel.swift in Sources */,
				C4A69C0D2C176D2D00FBDEF1 /* AlbumDetailModel.swift in Sources */,
				C4621E3D2BE30B50009F621C /* LibraryViewController.swift in Sources */,
				C4621E372BE30B1E009F621C /* TabBarViewController.swift in Sources */,
				C4621E232BE30A35009F621C /* CallerApi.swift in Sources */,
				C4054A9F2C1B17BD008D355F /* AlbumDetailViewModel.swift in Sources */,
				C4C4F6772C2022AD00D27508 /* SearchResultModel.swift in Sources */,
				C4621E482BE30F1D009F621C /* Extension.swift in Sources */,
				C4621E292BE30A7F009F621C /* AuthenticationViewController.swift in Sources */,
				C428094E2BFA0A48002077BD /* TrackModel.swift in Sources */,
				C4054A9D2C1B1255008D355F /* AlbumTrackForCollectionViewCell.swift in Sources */,
				C435E6472C232FE50048B29C /* PlayerControlsView.swift in Sources */,
				C40264D82BE306E8001914ED /* AppDelegate.swift in Sources */,
				C40C44632BF110B400CB6526 /* ApiImageModel.swift in Sources */,
				C4160B162BF8FF2200EB9B88 /* RecommendationsModel.swift in Sources */,
				C4D5CBAB2C25C7FF00037894 /* LibraryToogleView.swift in Sources */,
				C4565B6B2BED79260032D66C /* SettingsModel.swift in Sources */,
				C4054A9B2C1AEB0E008D355F /* TitleHeaderCollectionReusableView.swift in Sources */,
				C4621E392BE30B30009F621C /* MainViewController.swift in Sources */,
				C4C962252C1971560070C4C2 /* PlayListHeaderCollectionReusableView.swift in Sources */,
				C46FCE662BF298290088CB27 /* AllFeaturedPlayLists.swift in Sources */,
				C45757FC2C1C49F000C9161D /* CategoryCollectionViewCell.swift in Sources */,
				C4621E3B2BE30B40009F621C /* SearchViewController.swift in Sources */,
				C4F550562C1F3EC00027B11C /* SearchResponseModel.swift in Sources */,
				C4A249842C147D4700B6017B /* RecommendationsCollectionViewCell.swift in Sources */,
				C40264DA2BE306E8001914ED /* SceneDelegate.swift in Sources */,
				C46FCE682BF2A1550088CB27 /* OwnerModel.swift in Sources */,
				C4D2E8F22C2417C300C8A907 /* PlayerControlsViewModel.swift in Sources */,
				C4F435332C1C6DCF00178695 /* CategoryModel.swift in Sources */,
				C4621E452BE30BC5009F621C /* UserProfileModel.swift in Sources */,
				C4C962272C19B4B40070C4C2 /* PlayListDetailHeaderForViewModel.swift in Sources */,
				C4A249802C147CD700B6017B /* NewReleasesCollectionViewCell.swift in Sources */,
				C4621E212BE30A2A009F621C /* AuthDirector.swift in Sources */,
				C4E89BA02C21D34100B05B8B /* DefaultTableViewModel.swift in Sources */,
				C42809502BFA0E32002077BD /* PlayListModels.swift in Sources */,
				C4AADD312C18805800E41167 /* PlayListDetailViewController.swift in Sources */,
				C4621E312BE30AC0009F621C /* PlayerViewController.swift in Sources */,
				C45D81D72C1879B800BA60AE /* AlbumDetailViewController.swift in Sources */,
				C4621E2D2BE30A9B009F621C /* SettingsViewController.swift in Sources */,
				C430859D2C26A4A2002D4081 /* ActionLabelView.swift in Sources */,
				C4A328B12BE65313002173AB /* AuthResponseModel.swift in Sources */,
				C4621E432BE30BB8009F621C /* ArtistModel.swift in Sources */,
				C47B54F82BF3F68A0048ADD6 /* RecommendationsGenresModel.swift in Sources */,
				C40AC0AE2C35F67900BBC6E2 /* LibraryAlbumModel.swift in Sources */,
				C40C44612BF0F7E900CB6526 /* NewReleasesModel.swift in Sources */,
				C43FC2022C189AED002AE190 /* PlayListDetail.swift in Sources */,
				C45758012C1C4E1800C9161D /* CategoryTopModel.swift in Sources */,
				C4D5CBA92C25AD7600037894 /* LibraryAlbumsViewController.swift in Sources */,
				C4A249822C147D3500B6017B /* FeaturedCollectionViewCell.swift in Sources */,
			);
			runOnlyForDeploymentPostprocessing = 0;
		};
/* End PBXSourcesBuildPhase section */

/* Begin PBXVariantGroup section */
		C40264E22BE306E9001914ED /* LaunchScreen.storyboard */ = {
			isa = PBXVariantGroup;
			children = (
				C40264E32BE306E9001914ED /* Base */,
			);
			name = LaunchScreen.storyboard;
			sourceTree = "<group>";
		};
/* End PBXVariantGroup section */

/* Begin XCBuildConfiguration section */
		C40264E62BE306E9001914ED /* Debug */ = {
			isa = XCBuildConfiguration;
			buildSettings = {
				ALWAYS_SEARCH_USER_PATHS = NO;
				ASSETCATALOG_COMPILER_GENERATE_SWIFT_ASSET_SYMBOL_EXTENSIONS = YES;
				CLANG_ANALYZER_NONNULL = YES;
				CLANG_ANALYZER_NUMBER_OBJECT_CONVERSION = YES_AGGRESSIVE;
				CLANG_CXX_LANGUAGE_STANDARD = "gnu++20";
				CLANG_ENABLE_MODULES = YES;
				CLANG_ENABLE_OBJC_ARC = YES;
				CLANG_ENABLE_OBJC_WEAK = YES;
				CLANG_WARN_BLOCK_CAPTURE_AUTORELEASING = YES;
				CLANG_WARN_BOOL_CONVERSION = YES;
				CLANG_WARN_COMMA = YES;
				CLANG_WARN_CONSTANT_CONVERSION = YES;
				CLANG_WARN_DEPRECATED_OBJC_IMPLEMENTATIONS = YES;
				CLANG_WARN_DIRECT_OBJC_ISA_USAGE = YES_ERROR;
				CLANG_WARN_DOCUMENTATION_COMMENTS = YES;
				CLANG_WARN_EMPTY_BODY = YES;
				CLANG_WARN_ENUM_CONVERSION = YES;
				CLANG_WARN_INFINITE_RECURSION = YES;
				CLANG_WARN_INT_CONVERSION = YES;
				CLANG_WARN_NON_LITERAL_NULL_CONVERSION = YES;
				CLANG_WARN_OBJC_IMPLICIT_RETAIN_SELF = YES;
				CLANG_WARN_OBJC_LITERAL_CONVERSION = YES;
				CLANG_WARN_OBJC_ROOT_CLASS = YES_ERROR;
				CLANG_WARN_QUOTED_INCLUDE_IN_FRAMEWORK_HEADER = YES;
				CLANG_WARN_RANGE_LOOP_ANALYSIS = YES;
				CLANG_WARN_STRICT_PROTOTYPES = YES;
				CLANG_WARN_SUSPICIOUS_MOVE = YES;
				CLANG_WARN_UNGUARDED_AVAILABILITY = YES_AGGRESSIVE;
				CLANG_WARN_UNREACHABLE_CODE = YES;
				CLANG_WARN__DUPLICATE_METHOD_MATCH = YES;
				COPY_PHASE_STRIP = NO;
				DEBUG_INFORMATION_FORMAT = dwarf;
				ENABLE_STRICT_OBJC_MSGSEND = YES;
				ENABLE_TESTABILITY = YES;
				ENABLE_USER_SCRIPT_SANDBOXING = YES;
				GCC_C_LANGUAGE_STANDARD = gnu17;
				GCC_DYNAMIC_NO_PIC = NO;
				GCC_NO_COMMON_BLOCKS = YES;
				GCC_OPTIMIZATION_LEVEL = 0;
				GCC_PREPROCESSOR_DEFINITIONS = (
					"DEBUG=1",
					"$(inherited)",
				);
				GCC_WARN_64_TO_32_BIT_CONVERSION = YES;
				GCC_WARN_ABOUT_RETURN_TYPE = YES_ERROR;
				GCC_WARN_UNDECLARED_SELECTOR = YES;
				GCC_WARN_UNINITIALIZED_AUTOS = YES_AGGRESSIVE;
				GCC_WARN_UNUSED_FUNCTION = YES;
				GCC_WARN_UNUSED_VARIABLE = YES;
				IPHONEOS_DEPLOYMENT_TARGET = 17.4;
				LOCALIZATION_PREFERS_STRING_CATALOGS = YES;
				MTL_ENABLE_DEBUG_INFO = INCLUDE_SOURCE;
				MTL_FAST_MATH = YES;
				ONLY_ACTIVE_ARCH = YES;
				SDKROOT = iphoneos;
				SWIFT_ACTIVE_COMPILATION_CONDITIONS = "DEBUG $(inherited)";
				SWIFT_OPTIMIZATION_LEVEL = "-Onone";
			};
			name = Debug;
		};
		C40264E72BE306E9001914ED /* Release */ = {
			isa = XCBuildConfiguration;
			buildSettings = {
				ALWAYS_SEARCH_USER_PATHS = NO;
				ASSETCATALOG_COMPILER_GENERATE_SWIFT_ASSET_SYMBOL_EXTENSIONS = YES;
				CLANG_ANALYZER_NONNULL = YES;
				CLANG_ANALYZER_NUMBER_OBJECT_CONVERSION = YES_AGGRESSIVE;
				CLANG_CXX_LANGUAGE_STANDARD = "gnu++20";
				CLANG_ENABLE_MODULES = YES;
				CLANG_ENABLE_OBJC_ARC = YES;
				CLANG_ENABLE_OBJC_WEAK = YES;
				CLANG_WARN_BLOCK_CAPTURE_AUTORELEASING = YES;
				CLANG_WARN_BOOL_CONVERSION = YES;
				CLANG_WARN_COMMA = YES;
				CLANG_WARN_CONSTANT_CONVERSION = YES;
				CLANG_WARN_DEPRECATED_OBJC_IMPLEMENTATIONS = YES;
				CLANG_WARN_DIRECT_OBJC_ISA_USAGE = YES_ERROR;
				CLANG_WARN_DOCUMENTATION_COMMENTS = YES;
				CLANG_WARN_EMPTY_BODY = YES;
				CLANG_WARN_ENUM_CONVERSION = YES;
				CLANG_WARN_INFINITE_RECURSION = YES;
				CLANG_WARN_INT_CONVERSION = YES;
				CLANG_WARN_NON_LITERAL_NULL_CONVERSION = YES;
				CLANG_WARN_OBJC_IMPLICIT_RETAIN_SELF = YES;
				CLANG_WARN_OBJC_LITERAL_CONVERSION = YES;
				CLANG_WARN_OBJC_ROOT_CLASS = YES_ERROR;
				CLANG_WARN_QUOTED_INCLUDE_IN_FRAMEWORK_HEADER = YES;
				CLANG_WARN_RANGE_LOOP_ANALYSIS = YES;
				CLANG_WARN_STRICT_PROTOTYPES = YES;
				CLANG_WARN_SUSPICIOUS_MOVE = YES;
				CLANG_WARN_UNGUARDED_AVAILABILITY = YES_AGGRESSIVE;
				CLANG_WARN_UNREACHABLE_CODE = YES;
				CLANG_WARN__DUPLICATE_METHOD_MATCH = YES;
				COPY_PHASE_STRIP = NO;
				DEBUG_INFORMATION_FORMAT = "dwarf-with-dsym";
				ENABLE_NS_ASSERTIONS = NO;
				ENABLE_STRICT_OBJC_MSGSEND = YES;
				ENABLE_USER_SCRIPT_SANDBOXING = YES;
				GCC_C_LANGUAGE_STANDARD = gnu17;
				GCC_NO_COMMON_BLOCKS = YES;
				GCC_WARN_64_TO_32_BIT_CONVERSION = YES;
				GCC_WARN_ABOUT_RETURN_TYPE = YES_ERROR;
				GCC_WARN_UNDECLARED_SELECTOR = YES;
				GCC_WARN_UNINITIALIZED_AUTOS = YES_AGGRESSIVE;
				GCC_WARN_UNUSED_FUNCTION = YES;
				GCC_WARN_UNUSED_VARIABLE = YES;
				IPHONEOS_DEPLOYMENT_TARGET = 17.4;
				LOCALIZATION_PREFERS_STRING_CATALOGS = YES;
				MTL_ENABLE_DEBUG_INFO = NO;
				MTL_FAST_MATH = YES;
				SDKROOT = iphoneos;
				SWIFT_COMPILATION_MODE = wholemodule;
				VALIDATE_PRODUCT = YES;
			};
			name = Release;
		};
		C40264E92BE306E9001914ED /* Debug */ = {
			isa = XCBuildConfiguration;
			baseConfigurationReference = 2CA2B0EF1972A9029875009C /* Pods-MusicApp.debug.xcconfig */;
			buildSettings = {
				ASSETCATALOG_COMPILER_APPICON_NAME = AppIcon;
				ASSETCATALOG_COMPILER_GLOBAL_ACCENT_COLOR_NAME = AccentColor;
				CODE_SIGN_STYLE = Automatic;
				CURRENT_PROJECT_VERSION = 1;
				DEVELOPMENT_TEAM = 4Q3P58HHV5;
				ENABLE_USER_SCRIPT_SANDBOXING = NO;
				GENERATE_INFOPLIST_FILE = YES;
				INFOPLIST_FILE = MusicApp/Info.plist;
				INFOPLIST_KEY_UIApplicationSupportsIndirectInputEvents = YES;
				INFOPLIST_KEY_UILaunchStoryboardName = LaunchScreen;
				INFOPLIST_KEY_UISupportedInterfaceOrientations_iPad = "UIInterfaceOrientationPortrait UIInterfaceOrientationPortraitUpsideDown UIInterfaceOrientationLandscapeLeft UIInterfaceOrientationLandscapeRight";
				INFOPLIST_KEY_UISupportedInterfaceOrientations_iPhone = "UIInterfaceOrientationPortrait UIInterfaceOrientationLandscapeLeft UIInterfaceOrientationLandscapeRight";
				LD_RUNPATH_SEARCH_PATHS = (
					"$(inherited)",
					"@executable_path/Frameworks",
				);
				MARKETING_VERSION = 1.0;
				PRODUCT_BUNDLE_IDENTIFIER = com.MikaIlkUygulama.MusicApp;
				PRODUCT_NAME = "$(TARGET_NAME)";
				SWIFT_EMIT_LOC_STRINGS = YES;
				SWIFT_VERSION = 5.0;
				TARGETED_DEVICE_FAMILY = "1,2";
			};
			name = Debug;
		};
		C40264EA2BE306E9001914ED /* Release */ = {
			isa = XCBuildConfiguration;
			baseConfigurationReference = 6B6E275CAC6416FAF61EE5DB /* Pods-MusicApp.release.xcconfig */;
			buildSettings = {
				ASSETCATALOG_COMPILER_APPICON_NAME = AppIcon;
				ASSETCATALOG_COMPILER_GLOBAL_ACCENT_COLOR_NAME = AccentColor;
				CODE_SIGN_STYLE = Automatic;
				CURRENT_PROJECT_VERSION = 1;
				DEVELOPMENT_TEAM = 4Q3P58HHV5;
				ENABLE_USER_SCRIPT_SANDBOXING = NO;
				GENERATE_INFOPLIST_FILE = YES;
				INFOPLIST_FILE = MusicApp/Info.plist;
				INFOPLIST_KEY_UIApplicationSupportsIndirectInputEvents = YES;
				INFOPLIST_KEY_UILaunchStoryboardName = LaunchScreen;
				INFOPLIST_KEY_UISupportedInterfaceOrientations_iPad = "UIInterfaceOrientationPortrait UIInterfaceOrientationPortraitUpsideDown UIInterfaceOrientationLandscapeLeft UIInterfaceOrientationLandscapeRight";
				INFOPLIST_KEY_UISupportedInterfaceOrientations_iPhone = "UIInterfaceOrientationPortrait UIInterfaceOrientationLandscapeLeft UIInterfaceOrientationLandscapeRight";
				LD_RUNPATH_SEARCH_PATHS = (
					"$(inherited)",
					"@executable_path/Frameworks",
				);
				MARKETING_VERSION = 1.0;
				PRODUCT_BUNDLE_IDENTIFIER = com.MikaIlkUygulama.MusicApp;
				PRODUCT_NAME = "$(TARGET_NAME)";
				SWIFT_EMIT_LOC_STRINGS = YES;
				SWIFT_VERSION = 5.0;
				TARGETED_DEVICE_FAMILY = "1,2";
			};
			name = Release;
		};
/* End XCBuildConfiguration section */

/* Begin XCConfigurationList section */
		C40264CF2BE306E8001914ED /* Build configuration list for PBXProject "MusicApp" */ = {
			isa = XCConfigurationList;
			buildConfigurations = (
				C40264E62BE306E9001914ED /* Debug */,
				C40264E72BE306E9001914ED /* Release */,
			);
			defaultConfigurationIsVisible = 0;
			defaultConfigurationName = Release;
		};
		C40264E82BE306E9001914ED /* Build configuration list for PBXNativeTarget "MusicApp" */ = {
			isa = XCConfigurationList;
			buildConfigurations = (
				C40264E92BE306E9001914ED /* Debug */,
				C40264EA2BE306E9001914ED /* Release */,
			);
			defaultConfigurationIsVisible = 0;
			defaultConfigurationName = Release;
		};
/* End XCConfigurationList section */
	};
	rootObject = C40264CC2BE306E8001914ED /* Project object */;
}
